
Microsoft Visual Studio Solution File, Format Version 12.00
# Visual Studio 2012
Project("{FAE04EC0-301F-11D3-BF4B-00C04F79EFBC}") = "Phoenix", "Phoenix\Phoenix.csproj", "{3745652B-44B7-4095-8091-1A2DF3CF82C3}"
EndProject
Project("{FAE04EC0-301F-11D3-BF4B-00C04F79EFBC}") = "Phoenix.iOS", "iOS\Phoenix.iOS.csproj", "{F6B42472-F2F2-40A9-B41D-9FB1785280B7}"
EndProject
Project("{FAE04EC0-301F-11D3-BF4B-00C04F79EFBC}") = "Phoenix.Droid", "Droid\Phoenix.Droid.csproj", "{BCFDBBC2-B517-4E5C-B831-3A0B9F21D278}"
EndProject
Project("{FAE04EC0-301F-11D3-BF4B-00C04F79EFBC}") = "Phoenix.UITests", "UITests\Phoenix.UITests.csproj", "{782F55F6-EFEA-44C3-8E9C-009ADD3B9938}"
EndProject
Global
	GlobalSection(SolutionConfigurationPlatforms) = preSolution
		Debug|Any CPU = Debug|Any CPU
		Release|Any CPU = Release|Any CPU
		Debug|iPhoneSimulator = Debug|iPhoneSimulator
		Release|iPhone = Release|iPhone
		Release|iPhoneSimulator = Release|iPhoneSimulator
		Debug|iPhone = Debug|iPhone
	EndGlobalSection
	GlobalSection(ProjectConfigurationPlatforms) = postSolution
		{3745652B-44B7-4095-8091-1A2DF3CF82C3}.Debug|Any CPU.ActiveCfg = Debug|Any CPU
		{3745652B-44B7-4095-8091-1A2DF3CF82C3}.Debug|Any CPU.Build.0 = Debug|Any CPU
		{3745652B-44B7-4095-8091-1A2DF3CF82C3}.Debug|iPhone.ActiveCfg = Debug|Any CPU
		{3745652B-44B7-4095-8091-1A2DF3CF82C3}.Debug|iPhone.Build.0 = Debug|Any CPU
		{3745652B-44B7-4095-8091-1A2DF3CF82C3}.Debug|iPhoneSimulator.ActiveCfg = Debug|Any CPU
		{3745652B-44B7-4095-8091-1A2DF3CF82C3}.Debug|iPhoneSimulator.Build.0 = Debug|Any CPU
		{3745652B-44B7-4095-8091-1A2DF3CF82C3}.Release|Any CPU.ActiveCfg = Release|Any CPU
		{3745652B-44B7-4095-8091-1A2DF3CF82C3}.Release|Any CPU.Build.0 = Release|Any CPU
		{3745652B-44B7-4095-8091-1A2DF3CF82C3}.Release|iPhone.ActiveCfg = Release|Any CPU
		{3745652B-44B7-4095-8091-1A2DF3CF82C3}.Release|iPhone.Build.0 = Release|Any CPU
		{3745652B-44B7-4095-8091-1A2DF3CF82C3}.Release|iPhoneSimulator.ActiveCfg = Release|Any CPU
		{3745652B-44B7-4095-8091-1A2DF3CF82C3}.Release|iPhoneSimulator.Build.0 = Release|Any CPU
		{782F55F6-EFEA-44C3-8E9C-009ADD3B9938}.Debug|Any CPU.ActiveCfg = Debug|Any CPU
		{782F55F6-EFEA-44C3-8E9C-009ADD3B9938}.Debug|Any CPU.Build.0 = Debug|Any CPU
		{782F55F6-EFEA-44C3-8E9C-009ADD3B9938}.Debug|iPhone.ActiveCfg = Debug|Any CPU
		{782F55F6-EFEA-44C3-8E9C-009ADD3B9938}.Debug|iPhone.Build.0 = Debug|Any CPU
		{782F55F6-EFEA-44C3-8E9C-009ADD3B9938}.Debug|iPhoneSimulator.ActiveCfg = Debug|Any CPU
		{782F55F6-EFEA-44C3-8E9C-009ADD3B9938}.Debug|iPhoneSimulator.Build.0 = Debug|Any CPU
		{782F55F6-EFEA-44C3-8E9C-009ADD3B9938}.Release|Any CPU.ActiveCfg = Release|Any CPU
		{782F55F6-EFEA-44C3-8E9C-009ADD3B9938}.Release|Any CPU.Build.0 = Release|Any CPU
		{782F55F6-EFEA-44C3-8E9C-009ADD3B9938}.Release|iPhone.ActiveCfg = Release|Any CPU
		{782F55F6-EFEA-44C3-8E9C-009ADD3B9938}.Release|iPhone.Build.0 = Release|Any CPU
		{782F55F6-EFEA-44C3-8E9C-009ADD3B9938}.Release|iPhoneSimulator.ActiveCfg = Release|Any CPU
		{782F55F6-EFEA-44C3-8E9C-009ADD3B9938}.Release|iPhoneSimulator.Build.0 = Release|Any CPU
		{BCFDBBC2-B517-4E5C-B831-3A0B9F21D278}.Debug|Any CPU.ActiveCfg = Debug|Any CPU
		{BCFDBBC2-B517-4E5C-B831-3A0B9F21D278}.Debug|Any CPU.Build.0 = Debug|Any CPU
		{BCFDBBC2-B517-4E5C-B831-3A0B9F21D278}.Debug|iPhone.ActiveCfg = Debug|Any CPU
		{BCFDBBC2-B517-4E5C-B831-3A0B9F21D278}.Debug|iPhone.Build.0 = Debug|Any CPU
		{BCFDBBC2-B517-4E5C-B831-3A0B9F21D278}.Debug|iPhoneSimulator.ActiveCfg = Debug|Any CPU
		{BCFDBBC2-B517-4E5C-B831-3A0B9F21D278}.Debug|iPhoneSimulator.Build.0 = Debug|Any CPU
		{BCFDBBC2-B517-4E5C-B831-3A0B9F21D278}.Release|Any CPU.ActiveCfg = Release|Any CPU
		{BCFDBBC2-B517-4E5C-B831-3A0B9F21D278}.Release|Any CPU.Build.0 = Release|Any CPU
		{BCFDBBC2-B517-4E5C-B831-3A0B9F21D278}.Release|iPhone.ActiveCfg = Release|Any CPU
		{BCFDBBC2-B517-4E5C-B831-3A0B9F21D278}.Release|iPhone.Build.0 = Release|Any CPU
		{BCFDBBC2-B517-4E5C-B831-3A0B9F21D278}.Release|iPhoneSimulator.ActiveCfg = Release|Any CPU
		{BCFDBBC2-B517-4E5C-B831-3A0B9F21D278}.Release|iPhoneSimulator.Build.0 = Release|Any CPU
		{F6B42472-F2F2-40A9-B41D-9FB1785280B7}.Debug|Any CPU.ActiveCfg = Debug|iPhoneSimulator
		{F6B42472-F2F2-40A9-B41D-9FB1785280B7}.Debug|Any CPU.Build.0 = Debug|iPhoneSimulator
		{F6B42472-F2F2-40A9-B41D-9FB1785280B7}.Debug|iPhone.ActiveCfg = Debug|iPhone
		{F6B42472-F2F2-40A9-B41D-9FB1785280B7}.Debug|iPhone.Build.0 = Debug|iPhone
		{F6B42472-F2F2-40A9-B41D-9FB1785280B7}.Debug|iPhoneSimulator.ActiveCfg = Debug|iPhoneSimulator
		{F6B42472-F2F2-40A9-B41D-9FB1785280B7}.Debug|iPhoneSimulator.Build.0 = Debug|iPhoneSimulator
		{F6B42472-F2F2-40A9-B41D-9FB1785280B7}.Release|Any CPU.ActiveCfg = Release|iPhone
		{F6B42472-F2F2-40A9-B41D-9FB1785280B7}.Release|Any CPU.Build.0 = Release|iPhone
		{F6B42472-F2F2-40A9-B41D-9FB1785280B7}.Release|iPhone.ActiveCfg = Release|iPhone
		{F6B42472-F2F2-40A9-B41D-9FB1785280B7}.Release|iPhone.Build.0 = Release|iPhone
		{F6B42472-F2F2-40A9-B41D-9FB1785280B7}.Release|iPhoneSimulator.ActiveCfg = Release|iPhoneSimulator
		{F6B42472-F2F2-40A9-B41D-9FB1785280B7}.Release|iPhoneSimulator.Build.0 = Release|iPhoneSimulator
	EndGlobalSection
EndGlobal
